
Microsoft Visual Studio Solution File, Format Version 12.00
# Visual Studio Version 16
VisualStudioVersion = 16.0.30711.63
MinimumVisualStudioVersion = 10.0.40219.1
Project("{FAE04EC0-301F-11D3-BF4B-00C04F79EFBC}") = "project", "project\project.csproj", "{0B53FA80-896A-4244-BE75-CC034874EC25}"
EndProject
Global
	GlobalSection(SolutionConfigurationPlatforms) = preSolution
		Debug|Any CPU = Debug|Any CPU
		Release|Any CPU = Release|Any CPU
	EndGlobalSection
	GlobalSection(ProjectConfigurationPlatforms) = postSolution
		{0B53FA80-896A-4244-BE75-CC034874EC25}.Debug|Any CPU.ActiveCfg = Debug|Any CPU
		{0B53FA80-896A-4244-BE75-CC034874EC25}.Debug|Any CPU.Build.0 = Debug|Any CPU
		{0B53FA80-896A-4244-BE75-CC034874EC25}.Release|Any CPU.ActiveCfg = Release|Any CPU
		{0B53FA80-896A-4244-BE75-CC034874EC25}.Release|Any CPU.Build.0 = Release|Any CPU
	EndGlobalSection
	GlobalSection(SolutionProperties) = preSolution
		HideSolutionNode = FALSE
	EndGlobalSection
	GlobalSection(ExtensibilityGlobals) = postSolution
		SolutionGuid = {D194D8AF-5C0D-4A20-9B84-F653EAEF0625}
	EndGlobalSection
EndGlobal
